
Microsoft Visual Studio Solution File, Format Version 11.00
# Visual Studio 2010
Project("{FAE04EC0-301F-11D3-BF4B-00C04F79EFBC}") = "Kill the President", "Assembly-CSharp.csproj", "{924ECCA2-89E6-5C62-9DB4-8A69981ECD20}"
EndProject
Project("{FAE04EC0-301F-11D3-BF4B-00C04F79EFBC}") = "Kill the President", "Assembly-CSharp-Editor.csproj", "{FD8471C5-A9EA-13E1-A43A-C8676BB50831}"
EndProject
Global
	GlobalSection(SolutionConfigurationPlatforms) = preSolution
		Debug|Any CPU = Debug|Any CPU
		Release|Any CPU = Release|Any CPU
	EndGlobalSection
	GlobalSection(ProjectConfigurationPlatforms) = postSolution
		{924ECCA2-89E6-5C62-9DB4-8A69981ECD20}.Debug|Any CPU.ActiveCfg = Debug|Any CPU
		{924ECCA2-89E6-5C62-9DB4-8A69981ECD20}.Debug|Any CPU.Build.0 = Debug|Any CPU
		{924ECCA2-89E6-5C62-9DB4-8A69981ECD20}.Release|Any CPU.ActiveCfg = Release|Any CPU
		{924ECCA2-89E6-5C62-9DB4-8A69981ECD20}.Release|Any CPU.Build.0 = Release|Any CPU
		{FD8471C5-A9EA-13E1-A43A-C8676BB50831}.Debug|Any CPU.ActiveCfg = Debug|Any CPU
		{FD8471C5-A9EA-13E1-A43A-C8676BB50831}.Debug|Any CPU.Build.0 = Debug|Any CPU
		{FD8471C5-A9EA-13E1-A43A-C8676BB50831}.Release|Any CPU.ActiveCfg = Release|Any CPU
		{FD8471C5-A9EA-13E1-A43A-C8676BB50831}.Release|Any CPU.Build.0 = Release|Any CPU
	EndGlobalSection
	GlobalSection(SolutionProperties) = preSolution
		HideSolutionNode = FALSE
	EndGlobalSection
	GlobalSection(MonoDevelopProperties) = preSolution
		StartupItem = Assembly-CSharp.csproj
	EndGlobalSection
EndGlobal
